
Microsoft Visual Studio Solution File, Format Version 12.00
# Visual Studio Version 17
VisualStudioVersion = 17.4.33110.190
MinimumVisualStudioVersion = 10.0.40219.1
Project("{FAE04EC0-301F-11D3-BF4B-00C04F79EFBC}") = "health-calc-pack-dotnet", "health-calc-pack-dotnet\health-calc-pack-dotnet.csproj", "{362B1ECE-ED11-4EDD-9597-DA718CF16998}"
EndProject
Project("{FAE04EC0-301F-11D3-BF4B-00C04F79EFBC}") = "health-calc-test-xunit", "health-calc-test-xunit\health-calc-test-xunit.csproj", "{6E0E44C6-AE71-439D-AE84-971B7153482B}"
EndProject
Project("{FAE04EC0-301F-11D3-BF4B-00C04F79EFBC}") = "health-calc-console-dotnet", "health-calc-console-dotnet\health-calc-console-dotnet.csproj", "{7C08BB53-F771-4419-B99A-C549FA51EA63}"
EndProject
Global
	GlobalSection(SolutionConfigurationPlatforms) = preSolution
		Debug|Any CPU = Debug|Any CPU
		Release|Any CPU = Release|Any CPU
	EndGlobalSection
	GlobalSection(ProjectConfigurationPlatforms) = postSolution
		{362B1ECE-ED11-4EDD-9597-DA718CF16998}.Debug|Any CPU.ActiveCfg = Debug|Any CPU
		{362B1ECE-ED11-4EDD-9597-DA718CF16998}.Debug|Any CPU.Build.0 = Debug|Any CPU
		{362B1ECE-ED11-4EDD-9597-DA718CF16998}.Release|Any CPU.ActiveCfg = Release|Any CPU
		{362B1ECE-ED11-4EDD-9597-DA718CF16998}.Release|Any CPU.Build.0 = Release|Any CPU
		{6E0E44C6-AE71-439D-AE84-971B7153482B}.Debug|Any CPU.ActiveCfg = Debug|Any CPU
		{6E0E44C6-AE71-439D-AE84-971B7153482B}.Debug|Any CPU.Build.0 = Debug|Any CPU
		{6E0E44C6-AE71-439D-AE84-971B7153482B}.Release|Any CPU.ActiveCfg = Release|Any CPU
		{6E0E44C6-AE71-439D-AE84-971B7153482B}.Release|Any CPU.Build.0 = Release|Any CPU
		{7C08BB53-F771-4419-B99A-C549FA51EA63}.Debug|Any CPU.ActiveCfg = Debug|Any CPU
		{7C08BB53-F771-4419-B99A-C549FA51EA63}.Debug|Any CPU.Build.0 = Debug|Any CPU
		{7C08BB53-F771-4419-B99A-C549FA51EA63}.Release|Any CPU.ActiveCfg = Release|Any CPU
		{7C08BB53-F771-4419-B99A-C549FA51EA63}.Release|Any CPU.Build.0 = Release|Any CPU
	EndGlobalSection
	GlobalSection(SolutionProperties) = preSolution
		HideSolutionNode = FALSE
	EndGlobalSection
	GlobalSection(ExtensibilityGlobals) = postSolution
		SolutionGuid = {BBD7D204-71E9-4B0A-B3D6-6A7A32603B53}
	EndGlobalSection
EndGlobal
